
Microsoft Visual Studio Solution File, Format Version 12.00
# Visual Studio Version 16
VisualStudioVersion = 16.0.30406.217
MinimumVisualStudioVersion = 10.0.40219.1
Project("{FAE04EC0-301F-11D3-BF4B-00C04F79EFBC}") = "Task B", "Task B\Task B.csproj", "{ABBF9332-1720-4701-BE60-E9B680784EFD}"
EndProject
Global
	GlobalSection(SolutionConfigurationPlatforms) = preSolution
		Debug|Any CPU = Debug|Any CPU
		Release|Any CPU = Release|Any CPU
	EndGlobalSection
	GlobalSection(ProjectConfigurationPlatforms) = postSolution
		{ABBF9332-1720-4701-BE60-E9B680784EFD}.Debug|Any CPU.ActiveCfg = Debug|Any CPU
		{ABBF9332-1720-4701-BE60-E9B680784EFD}.Debug|Any CPU.Build.0 = Debug|Any CPU
		{ABBF9332-1720-4701-BE60-E9B680784EFD}.Release|Any CPU.ActiveCfg = Release|Any CPU
		{ABBF9332-1720-4701-BE60-E9B680784EFD}.Release|Any CPU.Build.0 = Release|Any CPU
	EndGlobalSection
	GlobalSection(SolutionProperties) = preSolution
		HideSolutionNode = FALSE
	EndGlobalSection
	GlobalSection(ExtensibilityGlobals) = postSolution
		SolutionGuid = {F11612E9-A235-4818-A20A-05DCA7E28E4C}
	EndGlobalSection
EndGlobal
