
Microsoft Visual Studio Solution File, Format Version 12.00
# Visual Studio Version 16
VisualStudioVersion = 16.0.31729.503
MinimumVisualStudioVersion = 10.0.40219.1
Project("{FAE04EC0-301F-11D3-BF4B-00C04F79EFBC}") = "Task_B", "Task_B\Task_B.csproj", "{1A057F98-5B31-4CCD-AB52-0168652AA388}"
EndProject
Global
	GlobalSection(SolutionConfigurationPlatforms) = preSolution
		Debug|Any CPU = Debug|Any CPU
		Release|Any CPU = Release|Any CPU
	EndGlobalSection
	GlobalSection(ProjectConfigurationPlatforms) = postSolution
		{1A057F98-5B31-4CCD-AB52-0168652AA388}.Debug|Any CPU.ActiveCfg = Debug|Any CPU
		{1A057F98-5B31-4CCD-AB52-0168652AA388}.Debug|Any CPU.Build.0 = Debug|Any CPU
		{1A057F98-5B31-4CCD-AB52-0168652AA388}.Release|Any CPU.ActiveCfg = Release|Any CPU
		{1A057F98-5B31-4CCD-AB52-0168652AA388}.Release|Any CPU.Build.0 = Release|Any CPU
	EndGlobalSection
	GlobalSection(SolutionProperties) = preSolution
		HideSolutionNode = FALSE
	EndGlobalSection
	GlobalSection(ExtensibilityGlobals) = postSolution
		SolutionGuid = {1FE3A53B-0B01-4945-A851-94ACB0BA1F02}
	EndGlobalSection
EndGlobal
